
Microsoft Visual Studio Solution File, Format Version 12.00
# Visual Studio Version 17
VisualStudioVersion = 17.7.34221.43
MinimumVisualStudioVersion = 10.0.40219.1
Project("{FAE04EC0-301F-11D3-BF4B-00C04F79EFBC}") = "Explorer", "Explorer\Explorer.csproj", "{C69BE2D1-C1D9-4714-AF86-0AE7580F999A}"
EndProject
Global
	GlobalSection(SolutionConfigurationPlatforms) = preSolution
		Debug|Any CPU = Debug|Any CPU
		Release|Any CPU = Release|Any CPU
	EndGlobalSection
	GlobalSection(ProjectConfigurationPlatforms) = postSolution
		{C69BE2D1-C1D9-4714-AF86-0AE7580F999A}.Debug|Any CPU.ActiveCfg = Debug|Any CPU
		{C69BE2D1-C1D9-4714-AF86-0AE7580F999A}.Debug|Any CPU.Build.0 = Debug|Any CPU
		{C69BE2D1-C1D9-4714-AF86-0AE7580F999A}.Release|Any CPU.ActiveCfg = Release|Any CPU
		{C69BE2D1-C1D9-4714-AF86-0AE7580F999A}.Release|Any CPU.Build.0 = Release|Any CPU
	EndGlobalSection
	GlobalSection(SolutionProperties) = preSolution
		HideSolutionNode = FALSE
	EndGlobalSection
	GlobalSection(ExtensibilityGlobals) = postSolution
		SolutionGuid = {225C72B8-B62A-4871-B2AA-62ABE95AC880}
	EndGlobalSection
EndGlobal
